{
  "requires": true,
  "lockfileVersion": 1,
  "dependencies": {
    "muse-ui-message": {
      "version": "0.2.1",
      "resolved": "https://registry.npmjs.org/muse-ui-message/-/muse-ui-message-0.2.1.tgz",
      "integrity": "sha512-qxV4uO6sxM11t81PpzlqmJGRjmMepZIkiWDr59O9P4mYJ7NsO1ztCN2nhyH8GBS60gs7UzOWSOCvJAp2smd8fg=="
    },
    "muse-ui-toast": {
      "version": "0.3.0",
      "resolved": "https://registry.npmjs.org/muse-ui-toast/-/muse-ui-toast-0.3.0.tgz",
      "integrity": "sha512-SKCpeqOzrfslRdmU+8di9fZ7VtFlfgl56OfwqHXBnYxCEEvHEzHidBf0ixGdr5RohR8Wn+OTG/mDnJBu962Qfg=="
    }
  }
}
